github.com/ayush6624/go-chatgpt v0.3.0 h1:tQUfwSvSL9KA2XmBqj3L8aVdVPRb0Hcs3XtMmZKqsc8=
github.com/ayush6624/go-chatgpt v0.3.0/go.mod h1:bn550cv7EHT7sHJG5yR60IGqjKlZ0S0Ll+IZp3z7nOc=
github.com/joho/godotenv v1.5.1 h1:7eLL/+HRGLY0ldzfGMeQkb7vMd0as4CfYvUVzLqw0N0=
github.com/joho/godotenv v1.5.1/go.mod h1:f4LDr5Voq0i2e/R5DDNOoa2zzDfwtkZa6DnEwAbqwq4=
